
Microsoft Visual Studio Solution File, Format Version 12.00
# Visual Studio Version 17
VisualStudioVersion = 17.9.34728.123
MinimumVisualStudioVersion = 10.0.40219.1
Project("{FAE04EC0-301F-11D3-BF4B-00C04F79EFBC}") = "Co-Working Space Management Application", "Co-Working Space Management Application.csproj", "{B6763F6A-C433-407A-B721-85AF8742999B}"
EndProject
Global
	GlobalSection(SolutionConfigurationPlatforms) = preSolution
		Debug|Any CPU = Debug|Any CPU
		Release|Any CPU = Release|Any CPU
	EndGlobalSection
	GlobalSection(ProjectConfigurationPlatforms) = postSolution
		{B6763F6A-C433-407A-B721-85AF8742999B}.Debug|Any CPU.ActiveCfg = Debug|Any CPU
		{B6763F6A-C433-407A-B721-85AF8742999B}.Debug|Any CPU.Build.0 = Debug|Any CPU
		{B6763F6A-C433-407A-B721-85AF8742999B}.Release|Any CPU.ActiveCfg = Release|Any CPU
		{B6763F6A-C433-407A-B721-85AF8742999B}.Release|Any CPU.Build.0 = Release|Any CPU
	EndGlobalSection
	GlobalSection(SolutionProperties) = preSolution
		HideSolutionNode = FALSE
	EndGlobalSection
	GlobalSection(ExtensibilityGlobals) = postSolution
		SolutionGuid = {49A87418-1BB8-45B7-A6B5-3FA5FE890D89}
	EndGlobalSection
EndGlobal
